
Microsoft Visual Studio Solution File, Format Version 12.00
# Visual Studio Version 17
VisualStudioVersion = 17.11.35327.3
MinimumVisualStudioVersion = 10.0.40219.1
Project("{FAE04EC0-301F-11D3-BF4B-00C04F79EFBC}") = "CSRFHackerApplication", "CSRFHackerApplication.csproj", "{18F2A37C-A3A2-4426-9CAE-53DEF1D4F480}"
EndProject
Global
	GlobalSection(SolutionConfigurationPlatforms) = preSolution
		Debug|Any CPU = Debug|Any CPU
		Release|Any CPU = Release|Any CPU
	EndGlobalSection
	GlobalSection(ProjectConfigurationPlatforms) = postSolution
		{18F2A37C-A3A2-4426-9CAE-53DEF1D4F480}.Debug|Any CPU.ActiveCfg = Debug|Any CPU
		{18F2A37C-A3A2-4426-9CAE-53DEF1D4F480}.Debug|Any CPU.Build.0 = Debug|Any CPU
		{18F2A37C-A3A2-4426-9CAE-53DEF1D4F480}.Release|Any CPU.ActiveCfg = Release|Any CPU
		{18F2A37C-A3A2-4426-9CAE-53DEF1D4F480}.Release|Any CPU.Build.0 = Release|Any CPU
	EndGlobalSection
	GlobalSection(SolutionProperties) = preSolution
		HideSolutionNode = FALSE
	EndGlobalSection
	GlobalSection(ExtensibilityGlobals) = postSolution
		SolutionGuid = {DA3DE859-BEE1-40A7-B013-490A3151C662}
	EndGlobalSection
EndGlobal
