
Microsoft Visual Studio Solution File, Format Version 12.00
# Visual Studio Version 17
VisualStudioVersion = 17.11.35312.102
MinimumVisualStudioVersion = 10.0.40219.1
Project("{FAE04EC0-301F-11D3-BF4B-00C04F79EFBC}") = "DataAnnotationsInASPNETCore", "DataAnnotationsInASPNETCore.csproj", "{ABAD55FE-8E50-4AD8-A1EA-E18B8B6D7788}"
EndProject
Global
	GlobalSection(SolutionConfigurationPlatforms) = preSolution
		Debug|Any CPU = Debug|Any CPU
		Release|Any CPU = Release|Any CPU
	EndGlobalSection
	GlobalSection(ProjectConfigurationPlatforms) = postSolution
		{ABAD55FE-8E50-4AD8-A1EA-E18B8B6D7788}.Debug|Any CPU.ActiveCfg = Debug|Any CPU
		{ABAD55FE-8E50-4AD8-A1EA-E18B8B6D7788}.Debug|Any CPU.Build.0 = Debug|Any CPU
		{ABAD55FE-8E50-4AD8-A1EA-E18B8B6D7788}.Release|Any CPU.ActiveCfg = Release|Any CPU
		{ABAD55FE-8E50-4AD8-A1EA-E18B8B6D7788}.Release|Any CPU.Build.0 = Release|Any CPU
	EndGlobalSection
	GlobalSection(SolutionProperties) = preSolution
		HideSolutionNode = FALSE
	EndGlobalSection
	GlobalSection(ExtensibilityGlobals) = postSolution
		SolutionGuid = {55C3C722-53A4-4656-B7BB-0E16F28BBB3D}
	EndGlobalSection
EndGlobal
